
Microsoft Visual Studio Solution File, Format Version 12.00
# Visual Studio Version 16
VisualStudioVersion = 16.0.31005.135
MinimumVisualStudioVersion = 10.0.40219.1
Project("{FAE04EC0-301F-11D3-BF4B-00C04F79EFBC}") = "xyLOGIX.Data.Scrapers", "xyLOGIX.Data.Scrapers\xyLOGIX.Data.Scrapers.csproj", "{9DCA261B-0CC3-4F49-8384-F281E098B621}"
EndProject
Project("{FAE04EC0-301F-11D3-BF4B-00C04F79EFBC}") = "xyLOGIX.Data.Scrapers.Factories", "xyLOGIX.Data.Scrapers.Factories\xyLOGIX.Data.Scrapers.Factories.csproj", "{31988857-4D56-4FF9-88F4-250F0FC8454B}"
EndProject
Project("{FAE04EC0-301F-11D3-BF4B-00C04F79EFBC}") = "xyLOGIX.Data.Scrapers.Constants", "xyLOGIX.Data.Scrapers.Constants\xyLOGIX.Data.Scrapers.Constants.csproj", "{B8C0087F-0E08-4168-9B1C-7E6A09868A4B}"
EndProject
Project("{FAE04EC0-301F-11D3-BF4B-00C04F79EFBC}") = "xyLOGIX.Data.Scrapers.Interfaces", "xyLOGIX.Data.Scrapers.Interfaces\xyLOGIX.Data.Scrapers.Interfaces.csproj", "{12C8841D-7EDF-48C4-BEFC-EC88E1719091}"
EndProject
Project("{FAE04EC0-301F-11D3-BF4B-00C04F79EFBC}") = "xyLOGIX.Data.Scrapers.Events", "xyLOGIX.Data.Scrapers.Events\xyLOGIX.Data.Scrapers.Events.csproj", "{C301438B-F57F-42ED-BFF2-DBCE1567AAB8}"
EndProject
Project("{FAE04EC0-301F-11D3-BF4B-00C04F79EFBC}") = "xyLOGIX.Data.Scrapers.Models", "xyLOGIX.Data.Scrapers.Models\xyLOGIX.Data.Scrapers.Models.csproj", "{F6C2CBC3-57AA-449D-A2B4-CA23B906431F}"
EndProject
Project("{FAE04EC0-301F-11D3-BF4B-00C04F79EFBC}") = "xyLOGIX.Data.Scrapers.Tests", "xyLOGIX.Data.Scrapers.Tests\xyLOGIX.Data.Scrapers.Tests.csproj", "{FA4B7958-3A7C-4F99-AA4B-44ECABDFFA01}"
EndProject
Project("{FAE04EC0-301F-11D3-BF4B-00C04F79EFBC}") = "xyLOGIX.Core.Debug", "..\xyLOGIX.Core.Debug.VS2019\xyLOGIX.Core.Debug\xyLOGIX.Core.Debug.csproj", "{2E4EDA4F-0D3A-442F-87B5-F0224F596A80}"
EndProject
Global
	GlobalSection(SolutionConfigurationPlatforms) = preSolution
		Debug|x64 = Debug|x64
		Debug|x86 = Debug|x86
		Release|x64 = Release|x64
		Release|x86 = Release|x86
	EndGlobalSection
	GlobalSection(ProjectConfigurationPlatforms) = postSolution
		{9DCA261B-0CC3-4F49-8384-F281E098B621}.Debug|x64.ActiveCfg = Debug|x64
		{9DCA261B-0CC3-4F49-8384-F281E098B621}.Debug|x64.Build.0 = Debug|x64
		{9DCA261B-0CC3-4F49-8384-F281E098B621}.Debug|x86.ActiveCfg = Debug|x86
		{9DCA261B-0CC3-4F49-8384-F281E098B621}.Debug|x86.Build.0 = Debug|x86
		{9DCA261B-0CC3-4F49-8384-F281E098B621}.Release|x64.ActiveCfg = Release|x64
		{9DCA261B-0CC3-4F49-8384-F281E098B621}.Release|x64.Build.0 = Release|x64
		{9DCA261B-0CC3-4F49-8384-F281E098B621}.Release|x86.ActiveCfg = Release|x86
		{9DCA261B-0CC3-4F49-8384-F281E098B621}.Release|x86.Build.0 = Release|x86
		{31988857-4D56-4FF9-88F4-250F0FC8454B}.Debug|x64.ActiveCfg = Debug|x64
		{31988857-4D56-4FF9-88F4-250F0FC8454B}.Debug|x64.Build.0 = Debug|x64
		{31988857-4D56-4FF9-88F4-250F0FC8454B}.Debug|x86.ActiveCfg = Debug|x86
		{31988857-4D56-4FF9-88F4-250F0FC8454B}.Debug|x86.Build.0 = Debug|x86
		{31988857-4D56-4FF9-88F4-250F0FC8454B}.Release|x64.ActiveCfg = Release|x64
		{31988857-4D56-4FF9-88F4-250F0FC8454B}.Release|x64.Build.0 = Release|x64
		{31988857-4D56-4FF9-88F4-250F0FC8454B}.Release|x86.ActiveCfg = Release|x86
		{31988857-4D56-4FF9-88F4-250F0FC8454B}.Release|x86.Build.0 = Release|x86
		{B8C0087F-0E08-4168-9B1C-7E6A09868A4B}.Debug|x64.ActiveCfg = Debug|x64
		{B8C0087F-0E08-4168-9B1C-7E6A09868A4B}.Debug|x64.Build.0 = Debug|x64
		{B8C0087F-0E08-4168-9B1C-7E6A09868A4B}.Debug|x86.ActiveCfg = Debug|x86
		{B8C0087F-0E08-4168-9B1C-7E6A09868A4B}.Debug|x86.Build.0 = Debug|x86
		{B8C0087F-0E08-4168-9B1C-7E6A09868A4B}.Release|x64.ActiveCfg = Release|x64
		{B8C0087F-0E08-4168-9B1C-7E6A09868A4B}.Release|x64.Build.0 = Release|x64
		{B8C0087F-0E08-4168-9B1C-7E6A09868A4B}.Release|x86.ActiveCfg = Release|x86
		{B8C0087F-0E08-4168-9B1C-7E6A09868A4B}.Release|x86.Build.0 = Release|x86
		{12C8841D-7EDF-48C4-BEFC-EC88E1719091}.Debug|x64.ActiveCfg = Debug|x64
		{12C8841D-7EDF-48C4-BEFC-EC88E1719091}.Debug|x64.Build.0 = Debug|x64
		{12C8841D-7EDF-48C4-BEFC-EC88E1719091}.Debug|x86.ActiveCfg = Debug|x86
		{12C8841D-7EDF-48C4-BEFC-EC88E1719091}.Debug|x86.Build.0 = Debug|x86
		{12C8841D-7EDF-48C4-BEFC-EC88E1719091}.Release|x64.ActiveCfg = Release|x64
		{12C8841D-7EDF-48C4-BEFC-EC88E1719091}.Release|x64.Build.0 = Release|x64
		{12C8841D-7EDF-48C4-BEFC-EC88E1719091}.Release|x86.ActiveCfg = Release|x86
		{12C8841D-7EDF-48C4-BEFC-EC88E1719091}.Release|x86.Build.0 = Release|x86
		{C301438B-F57F-42ED-BFF2-DBCE1567AAB8}.Debug|x64.ActiveCfg = Debug|x64
		{C301438B-F57F-42ED-BFF2-DBCE1567AAB8}.Debug|x64.Build.0 = Debug|x64
		{C301438B-F57F-42ED-BFF2-DBCE1567AAB8}.Debug|x86.ActiveCfg = Debug|x86
		{C301438B-F57F-42ED-BFF2-DBCE1567AAB8}.Debug|x86.Build.0 = Debug|x86
		{C301438B-F57F-42ED-BFF2-DBCE1567AAB8}.Release|x64.ActiveCfg = Release|x64
		{C301438B-F57F-42ED-BFF2-DBCE1567AAB8}.Release|x64.Build.0 = Release|x64
		{C301438B-F57F-42ED-BFF2-DBCE1567AAB8}.Release|x86.ActiveCfg = Release|x86
		{C301438B-F57F-42ED-BFF2-DBCE1567AAB8}.Release|x86.Build.0 = Release|x86
		{F6C2CBC3-57AA-449D-A2B4-CA23B906431F}.Debug|x64.ActiveCfg = Debug|x64
		{F6C2CBC3-57AA-449D-A2B4-CA23B906431F}.Debug|x64.Build.0 = Debug|x64
		{F6C2CBC3-57AA-449D-A2B4-CA23B906431F}.Debug|x86.ActiveCfg = Debug|x86
		{F6C2CBC3-57AA-449D-A2B4-CA23B906431F}.Debug|x86.Build.0 = Debug|x86
		{F6C2CBC3-57AA-449D-A2B4-CA23B906431F}.Release|x64.ActiveCfg = Release|x64
		{F6C2CBC3-57AA-449D-A2B4-CA23B906431F}.Release|x64.Build.0 = Release|x64
		{F6C2CBC3-57AA-449D-A2B4-CA23B906431F}.Release|x86.ActiveCfg = Release|x86
		{F6C2CBC3-57AA-449D-A2B4-CA23B906431F}.Release|x86.Build.0 = Release|x86
		{FA4B7958-3A7C-4F99-AA4B-44ECABDFFA01}.Debug|x64.ActiveCfg = Debug|x64
		{FA4B7958-3A7C-4F99-AA4B-44ECABDFFA01}.Debug|x64.Build.0 = Debug|x64
		{FA4B7958-3A7C-4F99-AA4B-44ECABDFFA01}.Debug|x86.ActiveCfg = Debug|x86
		{FA4B7958-3A7C-4F99-AA4B-44ECABDFFA01}.Debug|x86.Build.0 = Debug|x86
		{FA4B7958-3A7C-4F99-AA4B-44ECABDFFA01}.Release|x64.ActiveCfg = Release|x64
		{FA4B7958-3A7C-4F99-AA4B-44ECABDFFA01}.Release|x64.Build.0 = Release|x64
		{FA4B7958-3A7C-4F99-AA4B-44ECABDFFA01}.Release|x86.ActiveCfg = Release|x86
		{FA4B7958-3A7C-4F99-AA4B-44ECABDFFA01}.Release|x86.Build.0 = Release|x86
		{2E4EDA4F-0D3A-442F-87B5-F0224F596A80}.Debug|x64.ActiveCfg = Debug|x64
		{2E4EDA4F-0D3A-442F-87B5-F0224F596A80}.Debug|x64.Build.0 = Debug|x64
		{2E4EDA4F-0D3A-442F-87B5-F0224F596A80}.Debug|x86.ActiveCfg = Debug|x86
		{2E4EDA4F-0D3A-442F-87B5-F0224F596A80}.Debug|x86.Build.0 = Debug|x86
		{2E4EDA4F-0D3A-442F-87B5-F0224F596A80}.Release|x64.ActiveCfg = Release|x64
		{2E4EDA4F-0D3A-442F-87B5-F0224F596A80}.Release|x64.Build.0 = Release|x64
		{2E4EDA4F-0D3A-442F-87B5-F0224F596A80}.Release|x86.ActiveCfg = Release|x86
		{2E4EDA4F-0D3A-442F-87B5-F0224F596A80}.Release|x86.Build.0 = Release|x86
	EndGlobalSection
	GlobalSection(SolutionProperties) = preSolution
		HideSolutionNode = FALSE
	EndGlobalSection
	GlobalSection(ExtensibilityGlobals) = postSolution
		SolutionGuid = {8F583C5B-B110-4629-9BF8-DF074D3B19C0}
	EndGlobalSection
EndGlobal
